{
  "name": "3D-Printing-Club",
  "lockfileVersion": 3,
  "requires": true,
  "packages": {
    "": {
      "dependencies": {
        "@gluestack-ui/modal": "^0.1.35",
        "@legendapp/motion": "^2.4.0",
        "axios": "^1.7.9",
        "expo-secure-store": "^14.0.0"
      },
      "devDependencies": {
        "@types/react": "~18.3.12",
        "typescript": "^5.3.3"
      }
    },
    "node_modules/@babel/runtime": {
      "version": "7.26.0",
      "resolved": "https://registry.npmjs.org/@babel/runtime/-/runtime-7.26.0.tgz",
      "integrity": "sha512-FDSOghenHTiToteC/QRlv2q3DhPZ/oOXTBoirfWNx1Cx3TMVcGWQtMMmQcSvb/JjpNeGzx8Pq/b4fKEJuWm1sw==",
      "license": "MIT",
      "dependencies": {
        "regenerator-runtime": "^0.14.0"
      },
      "engines": {
        "node": ">=6.9.0"
      }
    },
    "node_modules/@formatjs/ecma402-abstract": {
      "version": "2.3.2",
      "resolved": "https://registry.npmjs.org/@formatjs/ecma402-abstract/-/ecma402-abstract-2.3.2.tgz",
      "integrity": "sha512-6sE5nyvDloULiyOMbOTJEEgWL32w+VHkZQs8S02Lnn8Y/O5aQhjOEXwWzvR7SsBE/exxlSpY2EsWZgqHbtLatg==",
      "license": "MIT",
      "dependencies": {
        "@formatjs/fast-memoize": "2.2.6",
        "@formatjs/intl-localematcher": "0.5.10",
        "decimal.js": "10",
        "tslib": "2"
      }
    },
    "node_modules/@formatjs/fast-memoize": {
      "version": "2.2.6",
      "resolved": "https://registry.npmjs.org/@formatjs/fast-memoize/-/fast-memoize-2.2.6.tgz",
      "integrity": "sha512-luIXeE2LJbQnnzotY1f2U2m7xuQNj2DA8Vq4ce1BY9ebRZaoPB1+8eZ6nXpLzsxuW5spQxr7LdCg+CApZwkqkw==",
      "license": "MIT",
      "dependencies": {
        "tslib": "2"
      }
    },
    "node_modules/@formatjs/icu-messageformat-parser": {
      "version": "2.11.0",
      "resolved": "https://registry.npmjs.org/@formatjs/icu-messageformat-parser/-/icu-messageformat-parser-2.11.0.tgz",
      "integrity": "sha512-Hp81uTjjdTk3FLh/dggU5NK7EIsVWc5/ZDWrIldmf2rBuPejuZ13CZ/wpVE2SToyi4EiroPTQ1XJcJuZFIxTtw==",
      "license": "MIT",
      "dependencies": {
        "@formatjs/ecma402-abstract": "2.3.2",
        "@formatjs/icu-skeleton-parser": "1.8.12",
        "tslib": "2"
      }
    },
    "node_modules/@formatjs/icu-skeleton-parser": {
      "version": "1.8.12",
      "resolved": "https://registry.npmjs.org/@formatjs/icu-skeleton-parser/-/icu-skeleton-parser-1.8.12.tgz",
      "integrity": "sha512-QRAY2jC1BomFQHYDMcZtClqHR55EEnB96V7Xbk/UiBodsuFc5kujybzt87+qj1KqmJozFhk6n4KiT1HKwAkcfg==",
      "license": "MIT",
      "dependencies": {
        "@formatjs/ecma402-abstract": "2.3.2",
        "tslib": "2"
      }
    },
    "node_modules/@formatjs/intl-localematcher": {
      "version": "0.5.10",
      "resolved": "https://registry.npmjs.org/@formatjs/intl-localematcher/-/intl-localematcher-0.5.10.tgz",
      "integrity": "sha512-af3qATX+m4Rnd9+wHcjJ4w2ijq+rAVP3CCinJQvFv1kgSu1W6jypUmvleJxcewdxmutM8dmIRZFxO/IQBZmP2Q==",
      "license": "MIT",
      "dependencies": {
        "tslib": "2"
      }
    },
    "node_modules/@gluestack-ui/hooks": {
      "version": "0.1.12",
      "resolved": "https://registry.npmjs.org/@gluestack-ui/hooks/-/hooks-0.1.12.tgz",
      "integrity": "sha512-jMZS+aIPYvouRKkWUzOYFKeWyt+YFIojYFuSq8sNZTjAq72xtiKZQKxNwOgTorEDD4CAIk0bncRS0TneNSuMAA==",
      "peerDependencies": {
        "react": ">=16",
        "react-dom": ">=16"
      }
    },
    "node_modules/@gluestack-ui/modal": {
      "version": "0.1.35",
      "resolved": "https://registry.npmjs.org/@gluestack-ui/modal/-/modal-0.1.35.tgz",
      "integrity": "sha512-KfA2aJ/ZsdM5rggAAJOykVHsOZf7aYjTfDNsd5JHUC7Uo8IrQAZJBX1DEz+Y3V8dPMXEIlEFGMaVh4o29nZXcw==",
      "dependencies": {
        "@gluestack-ui/hooks": "0.1.12",
        "@gluestack-ui/overlay": "^0.1.16",
        "@gluestack-ui/utils": "^0.1.14",
        "@react-native-aria/dialog": "^0.0.4",
        "@react-native-aria/focus": "^0.2.9",
        "@react-native-aria/interactions": "0.2.13",
        "@react-native-aria/overlays": "^0.3.12"
      },
      "peerDependencies": {
        "react": ">=16",
        "react-dom": ">=16"
      }
    },
    "node_modules/@gluestack-ui/overlay": {
      "version": "0.1.16",
      "resolved": "https://registry.npmjs.org/@gluestack-ui/overlay/-/overlay-0.1.16.tgz",
      "integrity": "sha512-08QFwioMroNia33Fe1zqhHjUL/CErr2swMMcN6vNWNWad6VfwXx3dZIXJxCIL1W90Rz908pWfIGrQEYaT6VAkw==",
      "dependencies": {
        "@react-native-aria/focus": "^0.2.9",
        "@react-native-aria/interactions": "0.2.13",
        "@react-native-aria/overlays": "^0.3.12"
      },
      "peerDependencies": {
        "react": ">=16",
        "react-dom": ">=16"
      }
    },
    "node_modules/@gluestack-ui/utils": {
      "version": "0.1.14",
      "resolved": "https://registry.npmjs.org/@gluestack-ui/utils/-/utils-0.1.14.tgz",
      "integrity": "sha512-dGe2LWJi8KcNmfM/Nt/WAT0I5s2F/Lud7nR/gTyksdLs9AZ8YoRkKt0s4q0ofz6ku1yEHDLa/YOuk2+APd8qNQ==",
      "dependencies": {
        "@react-native-aria/focus": "^0.2.9"
      },
      "peerDependencies": {
        "react": ">=16",
        "react-dom": ">=16"
      }
    },
    "node_modules/@internationalized/date": {
      "version": "3.7.0",
      "resolved": "https://registry.npmjs.org/@internationalized/date/-/date-3.7.0.tgz",
      "integrity": "sha512-VJ5WS3fcVx0bejE/YHfbDKR/yawZgKqn/if+oEeLqNwBtPzVB06olkfcnojTmEMX+gTpH+FlQ69SHNitJ8/erQ==",
      "license": "Apache-2.0",
      "dependencies": {
        "@swc/helpers": "^0.5.0"
      }
    },
    "node_modules/@internationalized/message": {
      "version": "3.1.6",
      "resolved": "https://registry.npmjs.org/@internationalized/message/-/message-3.1.6.tgz",
      "integrity": "sha512-JxbK3iAcTIeNr1p0WIFg/wQJjIzJt9l/2KNY/48vXV7GRGZSv3zMxJsce008fZclk2cDC8y0Ig3odceHO7EfNQ==",
      "license": "Apache-2.0",
      "dependencies": {
        "@swc/helpers": "^0.5.0",
        "intl-messageformat": "^10.1.0"
      }
    },
    "node_modules/@internationalized/number": {
      "version": "3.6.0",
      "resolved": "https://registry.npmjs.org/@internationalized/number/-/number-3.6.0.tgz",
      "integrity": "sha512-PtrRcJVy7nw++wn4W2OuePQQfTqDzfusSuY1QTtui4wa7r+rGVtR75pO8CyKvHvzyQYi3Q1uO5sY0AsB4e65Bw==",
      "license": "Apache-2.0",
      "dependencies": {
        "@swc/helpers": "^0.5.0"
      }
    },
    "node_modules/@internationalized/string": {
      "version": "3.2.5",
      "resolved": "https://registry.npmjs.org/@internationalized/string/-/string-3.2.5.tgz",
      "integrity": "sha512-rKs71Zvl2OKOHM+mzAFMIyqR5hI1d1O6BBkMK2/lkfg3fkmVh9Eeg0awcA8W2WqYqDOv6a86DIOlFpggwLtbuw==",
      "license": "Apache-2.0",
      "dependencies": {
        "@swc/helpers": "^0.5.0"
      }
    },
    "node_modules/@legendapp/motion": {
      "version": "2.4.0",
      "resolved": "https://registry.npmjs.org/@legendapp/motion/-/motion-2.4.0.tgz",
      "integrity": "sha512-AAYpRLGvxGD5hIGl9sVHyoUufr66zoH82PuxYcKiPSMdCBI3jwZFWh6CuHjV1leRKVIRk2py1rSvIVabG8eqcw==",
      "license": "MIT",
      "dependencies": {
        "@legendapp/tools": "2.0.1"
      },
      "peerDependencies": {
        "nativewind": "*",
        "react": ">=16",
        "react-native": "*"
      }
    },
    "node_modules/@legendapp/tools": {
      "version": "2.0.1",
      "resolved": "https://registry.npmjs.org/@legendapp/tools/-/tools-2.0.1.tgz",
      "integrity": "sha512-Kxt0HWvWElRK6oybHRzcYxdgaKGwuaiRNreS7usW7QuHXRIHaH4yMcW2YNRG4DHE5fpefv+Bno/BohQcCE4FaA==",
      "license": "MIT",
      "peerDependencies": {
        "react": ">=16"
      },
      "peerDependenciesMeta": {
        "react": {
          "optional": true
        }
      }
    },
    "node_modules/@react-aria/dialog": {
      "version": "3.5.21",
      "resolved": "https://registry.npmjs.org/@react-aria/dialog/-/dialog-3.5.21.tgz",
      "integrity": "sha512-tBsn9swBhcptJ9QIm0+ur0PVR799N6qmGguva3rUdd+gfitknFScyT08d7AoMr9AbXYdJ+2R9XNSZ3H3uIWQMw==",
      "license": "Apache-2.0",
      "dependencies": {
        "@react-aria/focus": "^3.19.1",
        "@react-aria/overlays": "^3.25.0",
        "@react-aria/utils": "^3.27.0",
        "@react-types/dialog": "^3.5.15",
        "@react-types/shared": "^3.27.0",
        "@swc/helpers": "^0.5.0"
      },
      "peerDependencies": {
        "react": "^16.8.0 || ^17.0.0-rc.1 || ^18.0.0 || ^19.0.0-rc.1",
        "react-dom": "^16.8.0 || ^17.0.0-rc.1 || ^18.0.0 || ^19.0.0-rc.1"
      }
    },
    "node_modules/@react-aria/focus": {
      "version": "3.19.1",
      "resolved": "https://registry.npmjs.org/@react-aria/focus/-/focus-3.19.1.tgz",
      "integrity": "sha512-bix9Bu1Ue7RPcYmjwcjhB14BMu2qzfJ3tMQLqDc9pweJA66nOw8DThy3IfVr8Z7j2PHktOLf9kcbiZpydKHqzg==",
      "license": "Apache-2.0",
      "dependencies": {
        "@react-aria/interactions": "^3.23.0",
        "@react-aria/utils": "^3.27.0",
        "@react-types/shared": "^3.27.0",
        "@swc/helpers": "^0.5.0",
        "clsx": "^2.0.0"
      },
      "peerDependencies": {
        "react": "^16.8.0 || ^17.0.0-rc.1 || ^18.0.0 || ^19.0.0-rc.1",
        "react-dom": "^16.8.0 || ^17.0.0-rc.1 || ^18.0.0 || ^19.0.0-rc.1"
      }
    },
    "node_modules/@react-aria/i18n": {
      "version": "3.12.5",
      "resolved": "https://registry.npmjs.org/@react-aria/i18n/-/i18n-3.12.5.tgz",
      "integrity": "sha512-ooeop2pTG94PuaHoN2OTk2hpkqVuoqgEYxRvnc1t7DVAtsskfhS/gVOTqyWGsxvwAvRi7m/CnDu6FYdeQ/bK5w==",
      "license": "Apache-2.0",
      "dependencies": {
        "@internationalized/date": "^3.7.0",
        "@internationalized/message": "^3.1.6",
        "@internationalized/number": "^3.6.0",
        "@internationalized/string": "^3.2.5",
        "@react-aria/ssr": "^3.9.7",
        "@react-aria/utils": "^3.27.0",
        "@react-types/shared": "^3.27.0",
        "@swc/helpers": "^0.5.0"
      },
      "peerDependencies": {
        "react": "^16.8.0 || ^17.0.0-rc.1 || ^18.0.0 || ^19.0.0-rc.1",
        "react-dom": "^16.8.0 || ^17.0.0-rc.1 || ^18.0.0 || ^19.0.0-rc.1"
      }
    },
    "node_modules/@react-aria/interactions": {
      "version": "3.23.0",
      "resolved": "https://registry.npmjs.org/@react-aria/interactions/-/interactions-3.23.0.tgz",
      "integrity": "sha512-0qR1atBIWrb7FzQ+Tmr3s8uH5mQdyRH78n0krYaG8tng9+u1JlSi8DGRSaC9ezKyNB84m7vHT207xnHXGeJ3Fg==",
      "license": "Apache-2.0",
      "dependencies": {
        "@react-aria/ssr": "^3.9.7",
        "@react-aria/utils": "^3.27.0",
        "@react-types/shared": "^3.27.0",
        "@swc/helpers": "^0.5.0"
      },
      "peerDependencies": {
        "react": "^16.8.0 || ^17.0.0-rc.1 || ^18.0.0 || ^19.0.0-rc.1",
        "react-dom": "^16.8.0 || ^17.0.0-rc.1 || ^18.0.0 || ^19.0.0-rc.1"
      }
    },
    "node_modules/@react-aria/overlays": {
      "version": "3.25.0",
      "resolved": "https://registry.npmjs.org/@react-aria/overlays/-/overlays-3.25.0.tgz",
      "integrity": "sha512-UEqJJ4duowrD1JvwXpPZreBuK79pbyNjNxFUVpFSskpGEJe3oCWwsSDKz7P1O7xbx5OYp+rDiY8fk/sE5rkaKw==",
      "license": "Apache-2.0",
      "dependencies": {
        "@react-aria/focus": "^3.19.1",
        "@react-aria/i18n": "^3.12.5",
        "@react-aria/interactions": "^3.23.0",
        "@react-aria/ssr": "^3.9.7",
        "@react-aria/utils": "^3.27.0",
        "@react-aria/visually-hidden": "^3.8.19",
        "@react-stately/overlays": "^3.6.13",
        "@react-types/button": "^3.10.2",
        "@react-types/overlays": "^3.8.12",
        "@react-types/shared": "^3.27.0",
        "@swc/helpers": "^0.5.0"
      },
      "peerDependencies": {
        "react": "^16.8.0 || ^17.0.0-rc.1 || ^18.0.0 || ^19.0.0-rc.1",
        "react-dom": "^16.8.0 || ^17.0.0-rc.1 || ^18.0.0 || ^19.0.0-rc.1"
      }
    },
    "node_modules/@react-aria/ssr": {
      "version": "3.9.7",
      "resolved": "https://registry.npmjs.org/@react-aria/ssr/-/ssr-3.9.7.tgz",
      "integrity": "sha512-GQygZaGlmYjmYM+tiNBA5C6acmiDWF52Nqd40bBp0Znk4M4hP+LTmI0lpI1BuKMw45T8RIhrAsICIfKwZvi2Gg==",
      "license": "Apache-2.0",
      "dependencies": {
        "@swc/helpers": "^0.5.0"
      },
      "engines": {
        "node": ">= 12"
      },
      "peerDependencies": {
        "react": "^16.8.0 || ^17.0.0-rc.1 || ^18.0.0 || ^19.0.0-rc.1"
      }
    },
    "node_modules/@react-aria/utils": {
      "version": "3.27.0",
      "resolved": "https://registry.npmjs.org/@react-aria/utils/-/utils-3.27.0.tgz",
      "integrity": "sha512-p681OtApnKOdbeN8ITfnnYqfdHS0z7GE+4l8EXlfLnr70Rp/9xicBO6d2rU+V/B3JujDw2gPWxYKEnEeh0CGCw==",
      "license": "Apache-2.0",
      "dependencies": {
        "@react-aria/ssr": "^3.9.7",
        "@react-stately/utils": "^3.10.5",
        "@react-types/shared": "^3.27.0",
        "@swc/helpers": "^0.5.0",
        "clsx": "^2.0.0"
      },
      "peerDependencies": {
        "react": "^16.8.0 || ^17.0.0-rc.1 || ^18.0.0 || ^19.0.0-rc.1",
        "react-dom": "^16.8.0 || ^17.0.0-rc.1 || ^18.0.0 || ^19.0.0-rc.1"
      }
    },
    "node_modules/@react-aria/visually-hidden": {
      "version": "3.8.19",
      "resolved": "https://registry.npmjs.org/@react-aria/visually-hidden/-/visually-hidden-3.8.19.tgz",
      "integrity": "sha512-MZgCCyQ3sdG94J5iJz7I7Ai3IxoN0U5d/+EaUnA1mfK7jf2fSYQBqi6Eyp8sWUYzBTLw4giXB5h0RGAnWzk9hA==",
      "license": "Apache-2.0",
      "dependencies": {
        "@react-aria/interactions": "^3.23.0",
        "@react-aria/utils": "^3.27.0",
        "@react-types/shared": "^3.27.0",
        "@swc/helpers": "^0.5.0"
      },
      "peerDependencies": {
        "react": "^16.8.0 || ^17.0.0-rc.1 || ^18.0.0 || ^19.0.0-rc.1",
        "react-dom": "^16.8.0 || ^17.0.0-rc.1 || ^18.0.0 || ^19.0.0-rc.1"
      }
    },
    "node_modules/@react-native-aria/dialog": {
      "version": "0.0.4",
      "resolved": "https://registry.npmjs.org/@react-native-aria/dialog/-/dialog-0.0.4.tgz",
      "integrity": "sha512-l974yT9Z8KTSfY0rjaDNx5PsuGw50jRsdrkez+eP0P8ENx2uKHDzPPZDLo5XS5aiChFWbLaZFXp8rU0TRVOMmg==",
      "license": "MIT",
      "dependencies": {
        "@react-aria/dialog": "*",
        "@react-native-aria/utils": "0.2.11",
        "@react-types/dialog": "*",
        "@react-types/shared": "*"
      },
      "peerDependencies": {
        "react": "*",
        "react-native": "*"
      }
    },
    "node_modules/@react-native-aria/focus": {
      "version": "0.2.9",
      "resolved": "https://registry.npmjs.org/@react-native-aria/focus/-/focus-0.2.9.tgz",
      "integrity": "sha512-zVgOIzKwnsyyurUxlZnzUKB2ekK/cmK64sQJIKKUlkJKVxd2EAFf7Sjz/NVEoMhTODN3qGRASTv9bMk/pBzzVA==",
      "license": "MIT",
      "dependencies": {
        "@react-aria/focus": "^3.2.3"
      },
      "peerDependencies": {
        "react": "*",
        "react-native": "*"
      }
    },
    "node_modules/@react-native-aria/interactions": {
      "version": "0.2.13",
      "resolved": "https://registry.npmjs.org/@react-native-aria/interactions/-/interactions-0.2.13.tgz",
      "integrity": "sha512-Uzru5Pqq5pG46lg/pzXoku9Y9k1UvuwJB/HRLSwahdC6eyNJOOm4kmadR/iziL/BeTAi5rOZsPEd0IKcMdH3nA==",
      "license": "MIT",
      "dependencies": {
        "@react-aria/interactions": "^3.3.2",
        "@react-aria/utils": "^3.6.0",
        "@react-native-aria/utils": "0.2.11"
      },
      "peerDependencies": {
        "react": "*",
        "react-native": "*"
      }
    },
    "node_modules/@react-native-aria/overlays": {
      "version": "0.3.14",
      "resolved": "https://registry.npmjs.org/@react-native-aria/overlays/-/overlays-0.3.14.tgz",
      "integrity": "sha512-a8MIB2aBw5yitNB0szNqKQlm4ngOozHGVmXTbslejGIX2+3YQUg8e7J4ouT7ZgK2iIr2gIB3YrstHDM6mvKVmw==",
      "license": "MIT",
      "dependencies": {
        "@react-aria/interactions": "^3.3.2",
        "@react-aria/overlays": "^3.7.0",
        "@react-native-aria/utils": "0.2.11",
        "@react-stately/overlays": "^3.1.1",
        "@react-types/overlays": "^3.4.0",
        "dom-helpers": "^5.0.0"
      },
      "peerDependencies": {
        "react": "*",
        "react-dom": "*",
        "react-native": "*"
      }
    },
    "node_modules/@react-native-aria/utils": {
      "version": "0.2.11",
      "resolved": "https://registry.npmjs.org/@react-native-aria/utils/-/utils-0.2.11.tgz",
      "integrity": "sha512-8MzE25pYDo1ZQtu7N9grx2Q+2uK58Tvvg4iJ7Nvx3PXTEz2XKU8G//yX9un97f7zCM6ptL8viRdKbSYDBmQvsA==",
      "license": "MIT",
      "dependencies": {
        "@react-aria/ssr": "^3.0.1",
        "@react-aria/utils": "^3.3.0"
      },
      "peerDependencies": {
        "react": "*",
        "react-native": "*"
      }
    },
    "node_modules/@react-stately/overlays": {
      "version": "3.6.13",
      "resolved": "https://registry.npmjs.org/@react-stately/overlays/-/overlays-3.6.13.tgz",
      "integrity": "sha512-WsU85Gf/b+HbWsnnYw7P/Ila3wD+C37Uk/WbU4/fHgJ26IEOWsPE6wlul8j54NZ1PnLNhV9Fn+Kffi+PaJMQXQ==",
      "license": "Apache-2.0",
      "dependencies": {
        "@react-stately/utils": "^3.10.5",
        "@react-types/overlays": "^3.8.12",
        "@swc/helpers": "^0.5.0"
      },
      "peerDependencies": {
        "react": "^16.8.0 || ^17.0.0-rc.1 || ^18.0.0 || ^19.0.0-rc.1"
      }
    },
    "node_modules/@react-stately/utils": {
      "version": "3.10.5",
      "resolved": "https://registry.npmjs.org/@react-stately/utils/-/utils-3.10.5.tgz",
      "integrity": "sha512-iMQSGcpaecghDIh3mZEpZfoFH3ExBwTtuBEcvZ2XnGzCgQjeYXcMdIUwAfVQLXFTdHUHGF6Gu6/dFrYsCzySBQ==",
      "license": "Apache-2.0",
      "dependencies": {
        "@swc/helpers": "^0.5.0"
      },
      "peerDependencies": {
        "react": "^16.8.0 || ^17.0.0-rc.1 || ^18.0.0 || ^19.0.0-rc.1"
      }
    },
    "node_modules/@react-types/button": {
      "version": "3.10.2",
      "resolved": "https://registry.npmjs.org/@react-types/button/-/button-3.10.2.tgz",
      "integrity": "sha512-h8SB/BLoCgoBulCpyzaoZ+miKXrolK9XC48+n1dKJXT8g4gImrficurDW6+PRTQWaRai0Q0A6bu8UibZOU4syg==",
      "license": "Apache-2.0",
      "dependencies": {
        "@react-types/shared": "^3.27.0"
      },
      "peerDependencies": {
        "react": "^16.8.0 || ^17.0.0-rc.1 || ^18.0.0 || ^19.0.0-rc.1"
      }
    },
    "node_modules/@react-types/dialog": {
      "version": "3.5.15",
      "resolved": "https://registry.npmjs.org/@react-types/dialog/-/dialog-3.5.15.tgz",
      "integrity": "sha512-BX1+mV35Oa0aIlhu98OzJaSB7uiCWDPQbr0AkpFBajSSlESUoAjntN+4N+QJmj24z2v6UE9zxGQ85/U/0Le+bw==",
      "license": "Apache-2.0",
      "dependencies": {
        "@react-types/overlays": "^3.8.12",
        "@react-types/shared": "^3.27.0"
      },
      "peerDependencies": {
        "react": "^16.8.0 || ^17.0.0-rc.1 || ^18.0.0 || ^19.0.0-rc.1"
      }
    },
    "node_modules/@react-types/overlays": {
      "version": "3.8.12",
      "resolved": "https://registry.npmjs.org/@react-types/overlays/-/overlays-3.8.12.tgz",
      "integrity": "sha512-ZvR1t0YV7/6j+6OD8VozKYjvsXT92+C/2LOIKozy7YUNS5KI4MkXbRZzJvkuRECVZOmx8JXKTUzhghWJM/3QuQ==",
      "license": "Apache-2.0",
      "dependencies": {
        "@react-types/shared": "^3.27.0"
      },
      "peerDependencies": {
        "react": "^16.8.0 || ^17.0.0-rc.1 || ^18.0.0 || ^19.0.0-rc.1"
      }
    },
    "node_modules/@react-types/shared": {
      "version": "3.27.0",
      "resolved": "https://registry.npmjs.org/@react-types/shared/-/shared-3.27.0.tgz",
      "integrity": "sha512-gvznmLhi6JPEf0bsq7SwRYTHAKKq/wcmKqFez9sRdbED+SPMUmK5omfZ6w3EwUFQHbYUa4zPBYedQ7Knv70RMw==",
      "license": "Apache-2.0",
      "peerDependencies": {
        "react": "^16.8.0 || ^17.0.0-rc.1 || ^18.0.0 || ^19.0.0-rc.1"
      }
    },
    "node_modules/@swc/helpers": {
      "version": "0.5.15",
      "resolved": "https://registry.npmjs.org/@swc/helpers/-/helpers-0.5.15.tgz",
      "integrity": "sha512-JQ5TuMi45Owi4/BIMAJBoSQoOJu12oOk/gADqlcUL9JEdHB8vyjUSsxqeNXnmXHjYKMi2WcYtezGEEhqUI/E2g==",
      "license": "Apache-2.0",
      "dependencies": {
        "tslib": "^2.8.0"
      }
    },
    "node_modules/@types/prop-types": {
      "version": "15.7.14",
      "resolved": "https://registry.npmjs.org/@types/prop-types/-/prop-types-15.7.14.tgz",
      "integrity": "sha512-gNMvNH49DJ7OJYv+KAKn0Xp45p8PLl6zo2YnvDIbTd4J6MER2BmWN49TG7n9LvkyihINxeKW8+3bfS2yDC9dzQ==",
      "dev": true,
      "license": "MIT"
    },
    "node_modules/@types/react": {
      "version": "18.3.18",
      "resolved": "https://registry.npmjs.org/@types/react/-/react-18.3.18.tgz",
      "integrity": "sha512-t4yC+vtgnkYjNSKlFx1jkAhH8LgTo2N/7Qvi83kdEaUtMDiwpbLAktKDaAMlRcJ5eSxZkH74eEGt1ky31d7kfQ==",
      "dev": true,
      "license": "MIT",
      "dependencies": {
        "@types/prop-types": "*",
        "csstype": "^3.0.2"
      }
    },
    "node_modules/asynckit": {
      "version": "0.4.0",
      "resolved": "https://registry.npmjs.org/asynckit/-/asynckit-0.4.0.tgz",
      "integrity": "sha512-Oei9OH4tRh0YqU3GxhX79dM/mwVgvbZJaSNaRk+bshkj0S5cfHcgYakreBjrHwatXKbz+IoIdYLxrKim2MjW0Q==",
      "license": "MIT"
    },
    "node_modules/axios": {
      "version": "1.7.9",
      "resolved": "https://registry.npmjs.org/axios/-/axios-1.7.9.tgz",
      "integrity": "sha512-LhLcE7Hbiryz8oMDdDptSrWowmB4Bl6RCt6sIJKpRB4XtVf0iEgewX3au/pJqm+Py1kCASkb/FFKjxQaLtxJvw==",
      "license": "MIT",
      "dependencies": {
        "follow-redirects": "^1.15.6",
        "form-data": "^4.0.0",
        "proxy-from-env": "^1.1.0"
      }
    },
    "node_modules/clsx": {
      "version": "2.1.1",
      "resolved": "https://registry.npmjs.org/clsx/-/clsx-2.1.1.tgz",
      "integrity": "sha512-eYm0QWBtUrBWZWG0d386OGAw16Z995PiOVo2B7bjWSbHedGl5e0ZWaq65kOGgUSNesEIDkB9ISbTg/JK9dhCZA==",
      "license": "MIT",
      "engines": {
        "node": ">=6"
      }
    },
    "node_modules/combined-stream": {
      "version": "1.0.8",
      "resolved": "https://registry.npmjs.org/combined-stream/-/combined-stream-1.0.8.tgz",
      "integrity": "sha512-FQN4MRfuJeHf7cBbBMJFXhKSDq+2kAArBlmRBvcvFE5BB1HZKXtSFASDhdlz9zOYwxh8lDdnvmMOe/+5cdoEdg==",
      "license": "MIT",
      "dependencies": {
        "delayed-stream": "~1.0.0"
      },
      "engines": {
        "node": ">= 0.8"
      }
    },
    "node_modules/csstype": {
      "version": "3.1.3",
      "resolved": "https://registry.npmjs.org/csstype/-/csstype-3.1.3.tgz",
      "integrity": "sha512-M1uQkMl8rQK/szD0LNhtqxIPLpimGm8sOBwU7lLnCpSbTyY3yeU1Vc7l4KT5zT4s/yOxHH5O7tIuuLOCnLADRw==",
      "license": "MIT"
    },
    "node_modules/decimal.js": {
      "version": "10.4.3",
      "resolved": "https://registry.npmjs.org/decimal.js/-/decimal.js-10.4.3.tgz",
      "integrity": "sha512-VBBaLc1MgL5XpzgIP7ny5Z6Nx3UrRkIViUkPUdtl9aya5amy3De1gsUUSB1g3+3sExYNjCAsAznmukyxCb1GRA==",
      "license": "MIT"
    },
    "node_modules/delayed-stream": {
      "version": "1.0.0",
      "resolved": "https://registry.npmjs.org/delayed-stream/-/delayed-stream-1.0.0.tgz",
      "integrity": "sha512-ZySD7Nf91aLB0RxL4KGrKHBXl7Eds1DAmEdcoVawXnLD7SDhpNgtuII2aAkg7a7QS41jxPSZ17p4VdGnMHk3MQ==",
      "license": "MIT",
      "engines": {
        "node": ">=0.4.0"
      }
    },
    "node_modules/dom-helpers": {
      "version": "5.2.1",
      "resolved": "https://registry.npmjs.org/dom-helpers/-/dom-helpers-5.2.1.tgz",
      "integrity": "sha512-nRCa7CK3VTrM2NmGkIy4cbK7IZlgBE/PYMn55rrXefr5xXDP0LdtfPnblFDoVdcAfslJ7or6iqAUnx0CCGIWQA==",
      "license": "MIT",
      "dependencies": {
        "@babel/runtime": "^7.8.7",
        "csstype": "^3.0.2"
      }
    },
    "node_modules/expo-secure-store": {
      "version": "14.0.0",
      "resolved": "https://registry.npmjs.org/expo-secure-store/-/expo-secure-store-14.0.0.tgz",
      "integrity": "sha512-VyhtRFXP+7hQmHhKlHIOWid1Q/IRpM7Uif32tZHLZHvQ6FNz2cUkr26XWGvCa7btYbrR6OL++FBFZYjbIcRZTw==",
      "license": "MIT",
      "peerDependencies": {
        "expo": "*"
      }
    },
    "node_modules/follow-redirects": {
      "version": "1.15.9",
      "resolved": "https://registry.npmjs.org/follow-redirects/-/follow-redirects-1.15.9.tgz",
      "integrity": "sha512-gew4GsXizNgdoRyqmyfMHyAmXsZDk6mHkSxZFCzW9gwlbtOW44CDtYavM+y+72qD/Vq2l550kMF52DT8fOLJqQ==",
      "funding": [
        {
          "type": "individual",
          "url": "https://github.com/sponsors/RubenVerborgh"
        }
      ],
      "license": "MIT",
      "engines": {
        "node": ">=4.0"
      },
      "peerDependenciesMeta": {
        "debug": {
          "optional": true
        }
      }
    },
    "node_modules/form-data": {
      "version": "4.0.1",
      "resolved": "https://registry.npmjs.org/form-data/-/form-data-4.0.1.tgz",
      "integrity": "sha512-tzN8e4TX8+kkxGPK8D5u0FNmjPUjw3lwC9lSLxxoB/+GtsJG91CO8bSWy73APlgAZzZbXEYZJuxjkHH2w+Ezhw==",
      "license": "MIT",
      "dependencies": {
        "asynckit": "^0.4.0",
        "combined-stream": "^1.0.8",
        "mime-types": "^2.1.12"
      },
      "engines": {
        "node": ">= 6"
      }
    },
    "node_modules/intl-messageformat": {
      "version": "10.7.14",
      "resolved": "https://registry.npmjs.org/intl-messageformat/-/intl-messageformat-10.7.14.tgz",
      "integrity": "sha512-mMGnE4E1otdEutV5vLUdCxRJygHB5ozUBxsPB5qhitewssrS/qGruq9bmvIRkkGsNeK5ZWLfYRld18UHGTIifQ==",
      "license": "BSD-3-Clause",
      "dependencies": {
        "@formatjs/ecma402-abstract": "2.3.2",
        "@formatjs/fast-memoize": "2.2.6",
        "@formatjs/icu-messageformat-parser": "2.11.0",
        "tslib": "2"
      }
    },
    "node_modules/mime-db": {
      "version": "1.52.0",
      "resolved": "https://registry.npmjs.org/mime-db/-/mime-db-1.52.0.tgz",
      "integrity": "sha512-sPU4uV7dYlvtWJxwwxHD0PuihVNiE7TyAbQ5SWxDCB9mUYvOgroQOwYQQOKPJ8CIbE+1ETVlOoK1UC2nU3gYvg==",
      "license": "MIT",
      "engines": {
        "node": ">= 0.6"
      }
    },
    "node_modules/mime-types": {
      "version": "2.1.35",
      "resolved": "https://registry.npmjs.org/mime-types/-/mime-types-2.1.35.tgz",
      "integrity": "sha512-ZDY+bPm5zTTF+YpCrAU9nK0UgICYPT0QtT1NZWFv4s++TNkcgVaT0g6+4R2uI4MjQjzysHB1zxuWL50hzaeXiw==",
      "license": "MIT",
      "dependencies": {
        "mime-db": "1.52.0"
      },
      "engines": {
        "node": ">= 0.6"
      }
    },
    "node_modules/proxy-from-env": {
      "version": "1.1.0",
      "resolved": "https://registry.npmjs.org/proxy-from-env/-/proxy-from-env-1.1.0.tgz",
      "integrity": "sha512-D+zkORCbA9f1tdWRK0RaCR3GPv50cMxcrz4X8k5LTSUD1Dkw47mKJEZQNunItRTkWwgtaUSo1RVFRIG9ZXiFYg==",
      "license": "MIT"
    },
    "node_modules/regenerator-runtime": {
      "version": "0.14.1",
      "resolved": "https://registry.npmjs.org/regenerator-runtime/-/regenerator-runtime-0.14.1.tgz",
      "integrity": "sha512-dYnhHh0nJoMfnkZs6GmmhFknAGRrLznOu5nc9ML+EJxGvrx6H7teuevqVqCuPcPK//3eDrrjQhehXVx9cnkGdw==",
      "license": "MIT"
    },
    "node_modules/tslib": {
      "version": "2.8.1",
      "resolved": "https://registry.npmjs.org/tslib/-/tslib-2.8.1.tgz",
      "integrity": "sha512-oJFu94HQb+KVduSUQL7wnpmqnfmLsOA/nAh6b6EH0wCEoK0/mPeXU6c3wKDV83MkOuHPRHtSXKKU99IBazS/2w==",
      "license": "0BSD"
    },
    "node_modules/typescript": {
      "version": "5.7.3",
      "resolved": "https://registry.npmjs.org/typescript/-/typescript-5.7.3.tgz",
      "integrity": "sha512-84MVSjMEHP+FQRPy3pX9sTVV/INIex71s9TL2Gm5FG/WG1SqXeKyZ0k7/blY/4FdOzI12CBy1vGc4og/eus0fw==",
      "dev": true,
      "license": "Apache-2.0",
      "bin": {
        "tsc": "bin/tsc",
        "tsserver": "bin/tsserver"
      },
      "engines": {
        "node": ">=14.17"
      }
    }
  }
}
